
Microsoft Visual Studio Solution File, Format Version 12.00
# Visual Studio Version 17
VisualStudioVersion = 17.0.31903.59
MinimumVisualStudioVersion = 10.0.40219.1
Project("{FAE04EC0-301F-11D3-BF4B-00C04F79EFBC}") = "Streamline.Client", "src\Streamline.Client\Streamline.Client.csproj", "{A1B2C3D4-E5F6-7890-ABCD-EF1234567890}"
EndProject
Project("{FAE04EC0-301F-11D3-BF4B-00C04F79EFBC}") = "Streamline.Client.Tests", "tests\Streamline.Client.Tests\Streamline.Client.Tests.csproj", "{B2C3D4E5-F6A7-8901-BCDE-F12345678901}"
EndProject
Project("{FAE04EC0-301F-11D3-BF4B-00C04F79EFBC}") = "Streamline.Client.Benchmarks", "benchmarks\Streamline.Client.Benchmarks\Streamline.Client.Benchmarks.csproj", "{C3D4E5F6-A7B8-9012-CDEF-123456789012}"
EndProject
Project("{FAE04EC0-301F-11D3-BF4B-00C04F79EFBC}") = "Streamline.TestContainers", "testcontainers\Streamline.TestContainers.csproj", "{D4E5F6A7-B8C9-0123-DEFA-234567890123}"
EndProject
Project("{FAE04EC0-301F-11D3-BF4B-00C04F79EFBC}") = "Streamline.Embedded", "src\Streamline.Embedded\Streamline.Embedded.csproj", "{E8A1B2C3-D4E5-F6A7-B8C9-D0E1F2A3B4C5}"
EndProject
Project("{2150E333-8FDC-42A3-9474-1A3956D46DE8}") = "tests", "tests", "{0AB3BF05-4346-4AA6-1389-037BE0695223}"
EndProject
Project("{FAE04EC0-301F-11D3-BF4B-00C04F79EFBC}") = "Streamline.TestSupport", "tests\Streamline.TestSupport\Streamline.TestSupport.csproj", "{7E257CBB-504B-40E6-910C-C219D2EC809F}"
EndProject
Project("{FAE04EC0-301F-11D3-BF4B-00C04F79EFBC}") = "Streamline.Conformance", "tests\Streamline.Conformance\Streamline.Conformance.csproj", "{47CA6F01-C261-4C0B-9554-D44CA47DD6BD}"
EndProject
Project("{2150E333-8FDC-42A3-9474-1A3956D46DE8}") = "examples", "examples", "{B36A84DF-456D-A817-6EDD-3EC3E7F6E11F}"
EndProject
Project("{FAE04EC0-301F-11D3-BF4B-00C04F79EFBC}") = "BasicUsage", "examples\BasicUsage\BasicUsage.csproj", "{6B5442C9-5E2D-4600-8617-05ABB692E70A}"
EndProject
Project("{FAE04EC0-301F-11D3-BF4B-00C04F79EFBC}") = "CircuitBreakerUsage", "examples\CircuitBreakerUsage\CircuitBreakerUsage.csproj", "{D35D72C0-1222-4EEF-9751-874F9D864BA6}"
EndProject
Project("{FAE04EC0-301F-11D3-BF4B-00C04F79EFBC}") = "QueryUsage", "examples\QueryUsage\QueryUsage.csproj", "{D29C5B68-9AEA-4ACB-9B0E-7C60AF05BDA7}"
EndProject
Project("{FAE04EC0-301F-11D3-BF4B-00C04F79EFBC}") = "SchemaRegistryUsage", "examples\SchemaRegistryUsage\SchemaRegistryUsage.csproj", "{0258763D-6E76-4796-8937-D1F99F52CE94}"
EndProject
Project("{FAE04EC0-301F-11D3-BF4B-00C04F79EFBC}") = "SecurityUsage", "examples\SecurityUsage\SecurityUsage.csproj", "{79C5A317-92C5-474E-9C8E-083C0F288BF1}"
EndProject
Global
	GlobalSection(SolutionConfigurationPlatforms) = preSolution
		Debug|Any CPU = Debug|Any CPU
		Debug|x64 = Debug|x64
		Debug|x86 = Debug|x86
		Release|Any CPU = Release|Any CPU
		Release|x64 = Release|x64
		Release|x86 = Release|x86
	EndGlobalSection
	GlobalSection(ProjectConfigurationPlatforms) = postSolution
		{A1B2C3D4-E5F6-7890-ABCD-EF1234567890}.Debug|Any CPU.ActiveCfg = Debug|Any CPU
		{A1B2C3D4-E5F6-7890-ABCD-EF1234567890}.Debug|Any CPU.Build.0 = Debug|Any CPU
		{A1B2C3D4-E5F6-7890-ABCD-EF1234567890}.Debug|x64.ActiveCfg = Debug|Any CPU
		{A1B2C3D4-E5F6-7890-ABCD-EF1234567890}.Debug|x64.Build.0 = Debug|Any CPU
		{A1B2C3D4-E5F6-7890-ABCD-EF1234567890}.Debug|x86.ActiveCfg = Debug|Any CPU
		{A1B2C3D4-E5F6-7890-ABCD-EF1234567890}.Debug|x86.Build.0 = Debug|Any CPU
		{A1B2C3D4-E5F6-7890-ABCD-EF1234567890}.Release|Any CPU.ActiveCfg = Release|Any CPU
		{A1B2C3D4-E5F6-7890-ABCD-EF1234567890}.Release|Any CPU.Build.0 = Release|Any CPU
		{A1B2C3D4-E5F6-7890-ABCD-EF1234567890}.Release|x64.ActiveCfg = Release|Any CPU
		{A1B2C3D4-E5F6-7890-ABCD-EF1234567890}.Release|x64.Build.0 = Release|Any CPU
		{A1B2C3D4-E5F6-7890-ABCD-EF1234567890}.Release|x86.ActiveCfg = Release|Any CPU
		{A1B2C3D4-E5F6-7890-ABCD-EF1234567890}.Release|x86.Build.0 = Release|Any CPU
		{B2C3D4E5-F6A7-8901-BCDE-F12345678901}.Debug|Any CPU.ActiveCfg = Debug|Any CPU
		{B2C3D4E5-F6A7-8901-BCDE-F12345678901}.Debug|Any CPU.Build.0 = Debug|Any CPU
		{B2C3D4E5-F6A7-8901-BCDE-F12345678901}.Debug|x64.ActiveCfg = Debug|Any CPU
		{B2C3D4E5-F6A7-8901-BCDE-F12345678901}.Debug|x64.Build.0 = Debug|Any CPU
		{B2C3D4E5-F6A7-8901-BCDE-F12345678901}.Debug|x86.ActiveCfg = Debug|Any CPU
		{B2C3D4E5-F6A7-8901-BCDE-F12345678901}.Debug|x86.Build.0 = Debug|Any CPU
		{B2C3D4E5-F6A7-8901-BCDE-F12345678901}.Release|Any CPU.ActiveCfg = Release|Any CPU
		{B2C3D4E5-F6A7-8901-BCDE-F12345678901}.Release|Any CPU.Build.0 = Release|Any CPU
		{B2C3D4E5-F6A7-8901-BCDE-F12345678901}.Release|x64.ActiveCfg = Release|Any CPU
		{B2C3D4E5-F6A7-8901-BCDE-F12345678901}.Release|x64.Build.0 = Release|Any CPU
		{B2C3D4E5-F6A7-8901-BCDE-F12345678901}.Release|x86.ActiveCfg = Release|Any CPU
		{B2C3D4E5-F6A7-8901-BCDE-F12345678901}.Release|x86.Build.0 = Release|Any CPU
		{C3D4E5F6-A7B8-9012-CDEF-123456789012}.Debug|Any CPU.ActiveCfg = Debug|Any CPU
		{C3D4E5F6-A7B8-9012-CDEF-123456789012}.Debug|Any CPU.Build.0 = Debug|Any CPU
		{C3D4E5F6-A7B8-9012-CDEF-123456789012}.Debug|x64.ActiveCfg = Debug|Any CPU
		{C3D4E5F6-A7B8-9012-CDEF-123456789012}.Debug|x64.Build.0 = Debug|Any CPU
		{C3D4E5F6-A7B8-9012-CDEF-123456789012}.Debug|x86.ActiveCfg = Debug|Any CPU
		{C3D4E5F6-A7B8-9012-CDEF-123456789012}.Debug|x86.Build.0 = Debug|Any CPU
		{C3D4E5F6-A7B8-9012-CDEF-123456789012}.Release|Any CPU.ActiveCfg = Release|Any CPU
		{C3D4E5F6-A7B8-9012-CDEF-123456789012}.Release|Any CPU.Build.0 = Release|Any CPU
		{C3D4E5F6-A7B8-9012-CDEF-123456789012}.Release|x64.ActiveCfg = Release|Any CPU
		{C3D4E5F6-A7B8-9012-CDEF-123456789012}.Release|x64.Build.0 = Release|Any CPU
		{C3D4E5F6-A7B8-9012-CDEF-123456789012}.Release|x86.ActiveCfg = Release|Any CPU
		{C3D4E5F6-A7B8-9012-CDEF-123456789012}.Release|x86.Build.0 = Release|Any CPU
		{D4E5F6A7-B8C9-0123-DEFA-234567890123}.Debug|Any CPU.ActiveCfg = Debug|Any CPU
		{D4E5F6A7-B8C9-0123-DEFA-234567890123}.Debug|Any CPU.Build.0 = Debug|Any CPU
		{D4E5F6A7-B8C9-0123-DEFA-234567890123}.Debug|x64.ActiveCfg = Debug|Any CPU
		{D4E5F6A7-B8C9-0123-DEFA-234567890123}.Debug|x64.Build.0 = Debug|Any CPU
		{D4E5F6A7-B8C9-0123-DEFA-234567890123}.Debug|x86.ActiveCfg = Debug|Any CPU
		{D4E5F6A7-B8C9-0123-DEFA-234567890123}.Debug|x86.Build.0 = Debug|Any CPU
		{D4E5F6A7-B8C9-0123-DEFA-234567890123}.Release|Any CPU.ActiveCfg = Release|Any CPU
		{D4E5F6A7-B8C9-0123-DEFA-234567890123}.Release|Any CPU.Build.0 = Release|Any CPU
		{D4E5F6A7-B8C9-0123-DEFA-234567890123}.Release|x64.ActiveCfg = Release|Any CPU
		{D4E5F6A7-B8C9-0123-DEFA-234567890123}.Release|x64.Build.0 = Release|Any CPU
		{D4E5F6A7-B8C9-0123-DEFA-234567890123}.Release|x86.ActiveCfg = Release|Any CPU
		{D4E5F6A7-B8C9-0123-DEFA-234567890123}.Release|x86.Build.0 = Release|Any CPU
		{E8A1B2C3-D4E5-F6A7-B8C9-D0E1F2A3B4C5}.Debug|Any CPU.ActiveCfg = Debug|Any CPU
		{E8A1B2C3-D4E5-F6A7-B8C9-D0E1F2A3B4C5}.Debug|Any CPU.Build.0 = Debug|Any CPU
		{E8A1B2C3-D4E5-F6A7-B8C9-D0E1F2A3B4C5}.Debug|x64.ActiveCfg = Debug|Any CPU
		{E8A1B2C3-D4E5-F6A7-B8C9-D0E1F2A3B4C5}.Debug|x64.Build.0 = Debug|Any CPU
		{E8A1B2C3-D4E5-F6A7-B8C9-D0E1F2A3B4C5}.Debug|x86.ActiveCfg = Debug|Any CPU
		{E8A1B2C3-D4E5-F6A7-B8C9-D0E1F2A3B4C5}.Debug|x86.Build.0 = Debug|Any CPU
		{E8A1B2C3-D4E5-F6A7-B8C9-D0E1F2A3B4C5}.Release|Any CPU.ActiveCfg = Release|Any CPU
		{E8A1B2C3-D4E5-F6A7-B8C9-D0E1F2A3B4C5}.Release|Any CPU.Build.0 = Release|Any CPU
		{E8A1B2C3-D4E5-F6A7-B8C9-D0E1F2A3B4C5}.Release|x64.ActiveCfg = Release|Any CPU
		{E8A1B2C3-D4E5-F6A7-B8C9-D0E1F2A3B4C5}.Release|x64.Build.0 = Release|Any CPU
		{E8A1B2C3-D4E5-F6A7-B8C9-D0E1F2A3B4C5}.Release|x86.ActiveCfg = Release|Any CPU
		{E8A1B2C3-D4E5-F6A7-B8C9-D0E1F2A3B4C5}.Release|x86.Build.0 = Release|Any CPU
		{7E257CBB-504B-40E6-910C-C219D2EC809F}.Debug|Any CPU.ActiveCfg = Debug|Any CPU
		{7E257CBB-504B-40E6-910C-C219D2EC809F}.Debug|Any CPU.Build.0 = Debug|Any CPU
		{7E257CBB-504B-40E6-910C-C219D2EC809F}.Debug|x64.ActiveCfg = Debug|Any CPU
		{7E257CBB-504B-40E6-910C-C219D2EC809F}.Debug|x64.Build.0 = Debug|Any CPU
		{7E257CBB-504B-40E6-910C-C219D2EC809F}.Debug|x86.ActiveCfg = Debug|Any CPU
		{7E257CBB-504B-40E6-910C-C219D2EC809F}.Debug|x86.Build.0 = Debug|Any CPU
		{7E257CBB-504B-40E6-910C-C219D2EC809F}.Release|Any CPU.ActiveCfg = Release|Any CPU
		{7E257CBB-504B-40E6-910C-C219D2EC809F}.Release|Any CPU.Build.0 = Release|Any CPU
		{7E257CBB-504B-40E6-910C-C219D2EC809F}.Release|x64.ActiveCfg = Release|Any CPU
		{7E257CBB-504B-40E6-910C-C219D2EC809F}.Release|x64.Build.0 = Release|Any CPU
		{7E257CBB-504B-40E6-910C-C219D2EC809F}.Release|x86.ActiveCfg = Release|Any CPU
		{7E257CBB-504B-40E6-910C-C219D2EC809F}.Release|x86.Build.0 = Release|Any CPU
		{47CA6F01-C261-4C0B-9554-D44CA47DD6BD}.Debug|Any CPU.ActiveCfg = Debug|Any CPU
		{47CA6F01-C261-4C0B-9554-D44CA47DD6BD}.Debug|Any CPU.Build.0 = Debug|Any CPU
		{47CA6F01-C261-4C0B-9554-D44CA47DD6BD}.Debug|x64.ActiveCfg = Debug|Any CPU
		{47CA6F01-C261-4C0B-9554-D44CA47DD6BD}.Debug|x64.Build.0 = Debug|Any CPU
		{47CA6F01-C261-4C0B-9554-D44CA47DD6BD}.Debug|x86.ActiveCfg = Debug|Any CPU
		{47CA6F01-C261-4C0B-9554-D44CA47DD6BD}.Debug|x86.Build.0 = Debug|Any CPU
		{47CA6F01-C261-4C0B-9554-D44CA47DD6BD}.Release|Any CPU.ActiveCfg = Release|Any CPU
		{47CA6F01-C261-4C0B-9554-D44CA47DD6BD}.Release|Any CPU.Build.0 = Release|Any CPU
		{47CA6F01-C261-4C0B-9554-D44CA47DD6BD}.Release|x64.ActiveCfg = Release|Any CPU
		{47CA6F01-C261-4C0B-9554-D44CA47DD6BD}.Release|x64.Build.0 = Release|Any CPU
		{47CA6F01-C261-4C0B-9554-D44CA47DD6BD}.Release|x86.ActiveCfg = Release|Any CPU
		{47CA6F01-C261-4C0B-9554-D44CA47DD6BD}.Release|x86.Build.0 = Release|Any CPU
		{6B5442C9-5E2D-4600-8617-05ABB692E70A}.Debug|Any CPU.ActiveCfg = Debug|Any CPU
		{6B5442C9-5E2D-4600-8617-05ABB692E70A}.Debug|Any CPU.Build.0 = Debug|Any CPU
		{6B5442C9-5E2D-4600-8617-05ABB692E70A}.Debug|x64.ActiveCfg = Debug|Any CPU
		{6B5442C9-5E2D-4600-8617-05ABB692E70A}.Debug|x64.Build.0 = Debug|Any CPU
		{6B5442C9-5E2D-4600-8617-05ABB692E70A}.Debug|x86.ActiveCfg = Debug|Any CPU
		{6B5442C9-5E2D-4600-8617-05ABB692E70A}.Debug|x86.Build.0 = Debug|Any CPU
		{6B5442C9-5E2D-4600-8617-05ABB692E70A}.Release|Any CPU.ActiveCfg = Release|Any CPU
		{6B5442C9-5E2D-4600-8617-05ABB692E70A}.Release|Any CPU.Build.0 = Release|Any CPU
		{6B5442C9-5E2D-4600-8617-05ABB692E70A}.Release|x64.ActiveCfg = Release|Any CPU
		{6B5442C9-5E2D-4600-8617-05ABB692E70A}.Release|x64.Build.0 = Release|Any CPU
		{6B5442C9-5E2D-4600-8617-05ABB692E70A}.Release|x86.ActiveCfg = Release|Any CPU
		{6B5442C9-5E2D-4600-8617-05ABB692E70A}.Release|x86.Build.0 = Release|Any CPU
		{D35D72C0-1222-4EEF-9751-874F9D864BA6}.Debug|Any CPU.ActiveCfg = Debug|Any CPU
		{D35D72C0-1222-4EEF-9751-874F9D864BA6}.Debug|Any CPU.Build.0 = Debug|Any CPU
		{D35D72C0-1222-4EEF-9751-874F9D864BA6}.Debug|x64.ActiveCfg = Debug|Any CPU
		{D35D72C0-1222-4EEF-9751-874F9D864BA6}.Debug|x64.Build.0 = Debug|Any CPU
		{D35D72C0-1222-4EEF-9751-874F9D864BA6}.Debug|x86.ActiveCfg = Debug|Any CPU
		{D35D72C0-1222-4EEF-9751-874F9D864BA6}.Debug|x86.Build.0 = Debug|Any CPU
		{D35D72C0-1222-4EEF-9751-874F9D864BA6}.Release|Any CPU.ActiveCfg = Release|Any CPU
		{D35D72C0-1222-4EEF-9751-874F9D864BA6}.Release|Any CPU.Build.0 = Release|Any CPU
		{D35D72C0-1222-4EEF-9751-874F9D864BA6}.Release|x64.ActiveCfg = Release|Any CPU
		{D35D72C0-1222-4EEF-9751-874F9D864BA6}.Release|x64.Build.0 = Release|Any CPU
		{D35D72C0-1222-4EEF-9751-874F9D864BA6}.Release|x86.ActiveCfg = Release|Any CPU
		{D35D72C0-1222-4EEF-9751-874F9D864BA6}.Release|x86.Build.0 = Release|Any CPU
		{D29C5B68-9AEA-4ACB-9B0E-7C60AF05BDA7}.Debug|Any CPU.ActiveCfg = Debug|Any CPU
		{D29C5B68-9AEA-4ACB-9B0E-7C60AF05BDA7}.Debug|Any CPU.Build.0 = Debug|Any CPU
		{D29C5B68-9AEA-4ACB-9B0E-7C60AF05BDA7}.Debug|x64.ActiveCfg = Debug|Any CPU
		{D29C5B68-9AEA-4ACB-9B0E-7C60AF05BDA7}.Debug|x64.Build.0 = Debug|Any CPU
		{D29C5B68-9AEA-4ACB-9B0E-7C60AF05BDA7}.Debug|x86.ActiveCfg = Debug|Any CPU
		{D29C5B68-9AEA-4ACB-9B0E-7C60AF05BDA7}.Debug|x86.Build.0 = Debug|Any CPU
		{D29C5B68-9AEA-4ACB-9B0E-7C60AF05BDA7}.Release|Any CPU.ActiveCfg = Release|Any CPU
		{D29C5B68-9AEA-4ACB-9B0E-7C60AF05BDA7}.Release|Any CPU.Build.0 = Release|Any CPU
		{D29C5B68-9AEA-4ACB-9B0E-7C60AF05BDA7}.Release|x64.ActiveCfg = Release|Any CPU
		{D29C5B68-9AEA-4ACB-9B0E-7C60AF05BDA7}.Release|x64.Build.0 = Release|Any CPU
		{D29C5B68-9AEA-4ACB-9B0E-7C60AF05BDA7}.Release|x86.ActiveCfg = Release|Any CPU
		{D29C5B68-9AEA-4ACB-9B0E-7C60AF05BDA7}.Release|x86.Build.0 = Release|Any CPU
		{0258763D-6E76-4796-8937-D1F99F52CE94}.Debug|Any CPU.ActiveCfg = Debug|Any CPU
		{0258763D-6E76-4796-8937-D1F99F52CE94}.Debug|Any CPU.Build.0 = Debug|Any CPU
		{0258763D-6E76-4796-8937-D1F99F52CE94}.Debug|x64.ActiveCfg = Debug|Any CPU
		{0258763D-6E76-4796-8937-D1F99F52CE94}.Debug|x64.Build.0 = Debug|Any CPU
		{0258763D-6E76-4796-8937-D1F99F52CE94}.Debug|x86.ActiveCfg = Debug|Any CPU
		{0258763D-6E76-4796-8937-D1F99F52CE94}.Debug|x86.Build.0 = Debug|Any CPU
		{0258763D-6E76-4796-8937-D1F99F52CE94}.Release|Any CPU.ActiveCfg = Release|Any CPU
		{0258763D-6E76-4796-8937-D1F99F52CE94}.Release|Any CPU.Build.0 = Release|Any CPU
		{0258763D-6E76-4796-8937-D1F99F52CE94}.Release|x64.ActiveCfg = Release|Any CPU
		{0258763D-6E76-4796-8937-D1F99F52CE94}.Release|x64.Build.0 = Release|Any CPU
		{0258763D-6E76-4796-8937-D1F99F52CE94}.Release|x86.ActiveCfg = Release|Any CPU
		{0258763D-6E76-4796-8937-D1F99F52CE94}.Release|x86.Build.0 = Release|Any CPU
		{79C5A317-92C5-474E-9C8E-083C0F288BF1}.Debug|Any CPU.ActiveCfg = Debug|Any CPU
		{79C5A317-92C5-474E-9C8E-083C0F288BF1}.Debug|Any CPU.Build.0 = Debug|Any CPU
		{79C5A317-92C5-474E-9C8E-083C0F288BF1}.Debug|x64.ActiveCfg = Debug|Any CPU
		{79C5A317-92C5-474E-9C8E-083C0F288BF1}.Debug|x64.Build.0 = Debug|Any CPU
		{79C5A317-92C5-474E-9C8E-083C0F288BF1}.Debug|x86.ActiveCfg = Debug|Any CPU
		{79C5A317-92C5-474E-9C8E-083C0F288BF1}.Debug|x86.Build.0 = Debug|Any CPU
		{79C5A317-92C5-474E-9C8E-083C0F288BF1}.Release|Any CPU.ActiveCfg = Release|Any CPU
		{79C5A317-92C5-474E-9C8E-083C0F288BF1}.Release|Any CPU.Build.0 = Release|Any CPU
		{79C5A317-92C5-474E-9C8E-083C0F288BF1}.Release|x64.ActiveCfg = Release|Any CPU
		{79C5A317-92C5-474E-9C8E-083C0F288BF1}.Release|x64.Build.0 = Release|Any CPU
		{79C5A317-92C5-474E-9C8E-083C0F288BF1}.Release|x86.ActiveCfg = Release|Any CPU
		{79C5A317-92C5-474E-9C8E-083C0F288BF1}.Release|x86.Build.0 = Release|Any CPU
	EndGlobalSection
	GlobalSection(SolutionProperties) = preSolution
		HideSolutionNode = FALSE
	EndGlobalSection
	GlobalSection(NestedProjects) = preSolution
		{7E257CBB-504B-40E6-910C-C219D2EC809F} = {0AB3BF05-4346-4AA6-1389-037BE0695223}
		{47CA6F01-C261-4C0B-9554-D44CA47DD6BD} = {0AB3BF05-4346-4AA6-1389-037BE0695223}
		{6B5442C9-5E2D-4600-8617-05ABB692E70A} = {B36A84DF-456D-A817-6EDD-3EC3E7F6E11F}
		{D35D72C0-1222-4EEF-9751-874F9D864BA6} = {B36A84DF-456D-A817-6EDD-3EC3E7F6E11F}
		{D29C5B68-9AEA-4ACB-9B0E-7C60AF05BDA7} = {B36A84DF-456D-A817-6EDD-3EC3E7F6E11F}
		{0258763D-6E76-4796-8937-D1F99F52CE94} = {B36A84DF-456D-A817-6EDD-3EC3E7F6E11F}
		{79C5A317-92C5-474E-9C8E-083C0F288BF1} = {B36A84DF-456D-A817-6EDD-3EC3E7F6E11F}
	EndGlobalSection
EndGlobal
